
Microsoft Visual Studio Solution File, Format Version 12.00
# Visual Studio 15
VisualStudioVersion = 15.0.28307.438
MinimumVisualStudioVersion = 10.0.40219.1
Project("{FAE04EC0-301F-11D3-BF4B-00C04F79EFBC}") = "SampleFluentModel", "SampleFluentModel\SampleFluentModel.csproj", "{49B806FD-4C24-4548-A6D2-7440F91EF59D}"
EndProject
Project("{FAE04EC0-301F-11D3-BF4B-00C04F79EFBC}") = "WebTelerik", "WebTelerik\WebTelerik.csproj", "{0D931F76-6F30-426C-A746-C711C298DEEE}"
EndProject
Global
	GlobalSection(SolutionConfigurationPlatforms) = preSolution
		Debug|Any CPU = Debug|Any CPU
		Release|Any CPU = Release|Any CPU
	EndGlobalSection
	GlobalSection(ProjectConfigurationPlatforms) = postSolution
		{49B806FD-4C24-4548-A6D2-7440F91EF59D}.Debug|Any CPU.ActiveCfg = Debug|Any CPU
		{49B806FD-4C24-4548-A6D2-7440F91EF59D}.Debug|Any CPU.Build.0 = Debug|Any CPU
		{49B806FD-4C24-4548-A6D2-7440F91EF59D}.Release|Any CPU.ActiveCfg = Release|Any CPU
		{49B806FD-4C24-4548-A6D2-7440F91EF59D}.Release|Any CPU.Build.0 = Release|Any CPU
		{0D931F76-6F30-426C-A746-C711C298DEEE}.Debug|Any CPU.ActiveCfg = Debug|Any CPU
		{0D931F76-6F30-426C-A746-C711C298DEEE}.Debug|Any CPU.Build.0 = Debug|Any CPU
		{0D931F76-6F30-426C-A746-C711C298DEEE}.Release|Any CPU.ActiveCfg = Release|Any CPU
		{0D931F76-6F30-426C-A746-C711C298DEEE}.Release|Any CPU.Build.0 = Release|Any CPU
	EndGlobalSection
	GlobalSection(SolutionProperties) = preSolution
		HideSolutionNode = FALSE
	EndGlobalSection
	GlobalSection(ExtensibilityGlobals) = postSolution
		SolutionGuid = {5B9919C1-22B6-4135-BECE-50839822620B}
	EndGlobalSection
EndGlobal
